
Microsoft Visual Studio Solution File, Format Version 12.00
# Visual Studio Version 16
VisualStudioVersion = 16.0.31911.196
MinimumVisualStudioVersion = 10.0.40219.1
Project("{8BC9CEB8-8B4A-11D0-8D11-00A0C91BC942}") = "CalculatorUI WIP", "CalculatorUI WIP\CalculatorUI WIP.vcxproj", "{EDAB0269-9F0C-49C3-8F8F-D2108B82A6C8}"
EndProject
Project("{8BC9CEB8-8B4A-11D0-8D11-00A0C91BC942}") = "CalcAppUnitTests", "CalcAppUnitTests\CalcAppUnitTests.vcxproj", "{EDCAD09F-7FDE-43F8-80ED-9CB8219B6E6B}"
EndProject
Global
	GlobalSection(SolutionConfigurationPlatforms) = preSolution
		Debug|x64 = Debug|x64
		Debug|x86 = Debug|x86
		Release|x64 = Release|x64
		Release|x86 = Release|x86
	EndGlobalSection
	GlobalSection(ProjectConfigurationPlatforms) = postSolution
		{EDAB0269-9F0C-49C3-8F8F-D2108B82A6C8}.Debug|x64.ActiveCfg = Debug|x64
		{EDAB0269-9F0C-49C3-8F8F-D2108B82A6C8}.Debug|x64.Build.0 = Debug|x64
		{EDAB0269-9F0C-49C3-8F8F-D2108B82A6C8}.Debug|x86.ActiveCfg = Debug|Win32
		{EDAB0269-9F0C-49C3-8F8F-D2108B82A6C8}.Debug|x86.Build.0 = Debug|Win32
		{EDAB0269-9F0C-49C3-8F8F-D2108B82A6C8}.Release|x64.ActiveCfg = Release|x64
		{EDAB0269-9F0C-49C3-8F8F-D2108B82A6C8}.Release|x64.Build.0 = Release|x64
		{EDAB0269-9F0C-49C3-8F8F-D2108B82A6C8}.Release|x86.ActiveCfg = Release|Win32
		{EDAB0269-9F0C-49C3-8F8F-D2108B82A6C8}.Release|x86.Build.0 = Release|Win32
		{EDCAD09F-7FDE-43F8-80ED-9CB8219B6E6B}.Debug|x64.ActiveCfg = Debug|x64
		{EDCAD09F-7FDE-43F8-80ED-9CB8219B6E6B}.Debug|x64.Build.0 = Debug|x64
		{EDCAD09F-7FDE-43F8-80ED-9CB8219B6E6B}.Debug|x86.ActiveCfg = Debug|Win32
		{EDCAD09F-7FDE-43F8-80ED-9CB8219B6E6B}.Debug|x86.Build.0 = Debug|Win32
		{EDCAD09F-7FDE-43F8-80ED-9CB8219B6E6B}.Release|x64.ActiveCfg = Release|x64
		{EDCAD09F-7FDE-43F8-80ED-9CB8219B6E6B}.Release|x64.Build.0 = Release|x64
		{EDCAD09F-7FDE-43F8-80ED-9CB8219B6E6B}.Release|x86.ActiveCfg = Release|Win32
		{EDCAD09F-7FDE-43F8-80ED-9CB8219B6E6B}.Release|x86.Build.0 = Release|Win32
	EndGlobalSection
	GlobalSection(SolutionProperties) = preSolution
		HideSolutionNode = FALSE
	EndGlobalSection
	GlobalSection(ExtensibilityGlobals) = postSolution
		SolutionGuid = {F82AB19A-B439-45A8-B446-6EC60CA23D00}
	EndGlobalSection
EndGlobal
